# THIS IS AN AUTOGENERATED FILE. DO NOT EDIT THIS FILE DIRECTLY.
# yarn lockfile v1


numesis@^1.0.1:
  version "1.0.1"
  resolved "https://registry.yarnpkg.com/numesis/-/numesis-1.0.1.tgz#c6a61bfca2af83aa965f1143c5b76346246488b6"
  integrity sha512-tne7XC+6um7UKDV3cp7a7oqQkDINwzHsOLxJ+xNRWozGYmsY49Zc7YQuHV8EOo6OfvpDHVJ+9gdJdtGbQrpsbA==
